
Microsoft Visual Studio Solution File, Format Version 12.00
# Visual Studio Version 17
VisualStudioVersion = 17.5.33424.131
MinimumVisualStudioVersion = 10.0.40219.1
Project("{FAE04EC0-301F-11D3-BF4B-00C04F79EFBC}") = "Presentacion", "Presentacion\Presentacion.csproj", "{D9AA316D-6D31-40B4-8A2C-95776DA184C6}"
EndProject
Project("{FAE04EC0-301F-11D3-BF4B-00C04F79EFBC}") = "Logica", "Logica\Logica.csproj", "{0E18598D-67C1-4182-86A3-A608A6AC3B13}"
EndProject
Project("{FAE04EC0-301F-11D3-BF4B-00C04F79EFBC}") = "Entidades", "Entidades\Entidades.csproj", "{ECD292FA-A56C-4916-A5EE-FB991EBE674A}"
EndProject
Project("{FAE04EC0-301F-11D3-BF4B-00C04F79EFBC}") = "Datos", "Datos\Datos.csproj", "{ED98F2EF-ADB9-4CD9-AD30-DAC41298B6B2}"
EndProject
Project("{FAE04EC0-301F-11D3-BF4B-00C04F79EFBC}") = "BasedeDatos", "BasedeDatos\BasedeDatos.csproj", "{402770FC-2854-489C-9F16-57A3EC970FD7}"
EndProject
Global
	GlobalSection(SolutionConfigurationPlatforms) = preSolution
		Debug|Any CPU = Debug|Any CPU
		Release|Any CPU = Release|Any CPU
	EndGlobalSection
	GlobalSection(ProjectConfigurationPlatforms) = postSolution
		{D9AA316D-6D31-40B4-8A2C-95776DA184C6}.Debug|Any CPU.ActiveCfg = Debug|Any CPU
		{D9AA316D-6D31-40B4-8A2C-95776DA184C6}.Debug|Any CPU.Build.0 = Debug|Any CPU
		{D9AA316D-6D31-40B4-8A2C-95776DA184C6}.Release|Any CPU.ActiveCfg = Release|Any CPU
		{D9AA316D-6D31-40B4-8A2C-95776DA184C6}.Release|Any CPU.Build.0 = Release|Any CPU
		{0E18598D-67C1-4182-86A3-A608A6AC3B13}.Debug|Any CPU.ActiveCfg = Debug|Any CPU
		{0E18598D-67C1-4182-86A3-A608A6AC3B13}.Debug|Any CPU.Build.0 = Debug|Any CPU
		{0E18598D-67C1-4182-86A3-A608A6AC3B13}.Release|Any CPU.ActiveCfg = Release|Any CPU
		{0E18598D-67C1-4182-86A3-A608A6AC3B13}.Release|Any CPU.Build.0 = Release|Any CPU
		{ECD292FA-A56C-4916-A5EE-FB991EBE674A}.Debug|Any CPU.ActiveCfg = Debug|Any CPU
		{ECD292FA-A56C-4916-A5EE-FB991EBE674A}.Debug|Any CPU.Build.0 = Debug|Any CPU
		{ECD292FA-A56C-4916-A5EE-FB991EBE674A}.Release|Any CPU.ActiveCfg = Release|Any CPU
		{ECD292FA-A56C-4916-A5EE-FB991EBE674A}.Release|Any CPU.Build.0 = Release|Any CPU
		{ED98F2EF-ADB9-4CD9-AD30-DAC41298B6B2}.Debug|Any CPU.ActiveCfg = Debug|Any CPU
		{ED98F2EF-ADB9-4CD9-AD30-DAC41298B6B2}.Debug|Any CPU.Build.0 = Debug|Any CPU
		{ED98F2EF-ADB9-4CD9-AD30-DAC41298B6B2}.Release|Any CPU.ActiveCfg = Release|Any CPU
		{ED98F2EF-ADB9-4CD9-AD30-DAC41298B6B2}.Release|Any CPU.Build.0 = Release|Any CPU
		{402770FC-2854-489C-9F16-57A3EC970FD7}.Debug|Any CPU.ActiveCfg = Debug|Any CPU
		{402770FC-2854-489C-9F16-57A3EC970FD7}.Debug|Any CPU.Build.0 = Debug|Any CPU
		{402770FC-2854-489C-9F16-57A3EC970FD7}.Release|Any CPU.ActiveCfg = Release|Any CPU
		{402770FC-2854-489C-9F16-57A3EC970FD7}.Release|Any CPU.Build.0 = Release|Any CPU
	EndGlobalSection
	GlobalSection(SolutionProperties) = preSolution
		HideSolutionNode = FALSE
	EndGlobalSection
	GlobalSection(ExtensibilityGlobals) = postSolution
		SolutionGuid = {D8AA6E92-728C-4601-B08B-81C4F0330331}
	EndGlobalSection
EndGlobal
